{
  "originHash" : "d05f29fa0b140f0290b9e1225b71f2e6cc169ad6f3db12a4a5150161a2e8c02d",
  "pins" : [
    {
      "identity" : "sparkle",
      "kind" : "remoteSourceControl",
      "location" : "https://github.com/sparkle-project/Sparkle.git",
      "state" : {
        "revision" : "0ef1ee0220239b3776f433314515fd849025673f",
        "version" : "2.6.4"
      }
    },
    {
      "identity" : "swift-log",
      "kind" : "remoteSourceControl",
      "location" : "https://github.com/apple/swift-log.git",
      "state" : {
        "revision" : "96a2f8a0fa41e9e09af4585e2724c4e825410b91",
        "version" : "1.6.2"
      }
    },
    {
      "identity" : "windowscenekit",
      "kind" : "remoteSourceControl",
      "location" : "https://github.com/Kyome22/WindowSceneKit.git",
      "state" : {
        "revision" : "dd80b2169b64761b986d7185ba528def719656d8",
        "version" : "1.1.0"
      }
    }
  ],
  "version" : 3
}
